
Microsoft Visual Studio Solution File, Format Version 12.00
# Visual Studio 15
VisualStudioVersion = 15.0.27428.2037
MinimumVisualStudioVersion = 10.0.40219.1
Project("{FAE04EC0-301F-11D3-BF4B-00C04F79EFBC}") = "Bluzelle.NEO.Contract", "BluzelleNEO\Bluzelle.NEO.Contract.csproj", "{0E8059C8-C15E-429A-890B-388CDFB0C1FE}"
EndProject
Project("{9A19103F-16F7-4668-BE54-9A1E7A4F7556}") = "Bluzelle.NEO.Bridge", "BluzelleBridge\Bluzelle.NEO.Bridge.csproj", "{6110148D-BC5B-44F4-B463-0E2E33C1843E}"
EndProject
Project("{9A19103F-16F7-4668-BE54-9A1E7A4F7556}") = "Bluzelle.NEO.Sharp", "Bluzelle.NEO.Sharp\Bluzelle.NEO.Sharp.csproj", "{1B886DA7-E09C-4541-BEBF-53A98FA5924D}"
EndProject
Project("{9A19103F-16F7-4668-BE54-9A1E7A4F7556}") = "Bluzelle.NEO.Helper", "Bluzelle.NEO.Helper\Bluzelle.NEO.Helper.csproj", "{EE769AE1-86B7-428B-B4AB-BDD021439548}"
EndProject
Project("{FAE04EC0-301F-11D3-BF4B-00C04F79EFBC}") = "BluzelleTests", "BluzelleTests\BluzelleTests.csproj", "{F73B7628-579A-488E-BA53-3719046FD9AC}"
EndProject
Global
	GlobalSection(SolutionConfigurationPlatforms) = preSolution
		Debug|Any CPU = Debug|Any CPU
		Release|Any CPU = Release|Any CPU
	EndGlobalSection
	GlobalSection(ProjectConfigurationPlatforms) = postSolution
		{0E8059C8-C15E-429A-890B-388CDFB0C1FE}.Debug|Any CPU.ActiveCfg = Debug|Any CPU
		{0E8059C8-C15E-429A-890B-388CDFB0C1FE}.Debug|Any CPU.Build.0 = Debug|Any CPU
		{0E8059C8-C15E-429A-890B-388CDFB0C1FE}.Release|Any CPU.ActiveCfg = Release|Any CPU
		{0E8059C8-C15E-429A-890B-388CDFB0C1FE}.Release|Any CPU.Build.0 = Release|Any CPU
		{6110148D-BC5B-44F4-B463-0E2E33C1843E}.Debug|Any CPU.ActiveCfg = Debug|Any CPU
		{6110148D-BC5B-44F4-B463-0E2E33C1843E}.Debug|Any CPU.Build.0 = Debug|Any CPU
		{6110148D-BC5B-44F4-B463-0E2E33C1843E}.Release|Any CPU.ActiveCfg = Release|Any CPU
		{6110148D-BC5B-44F4-B463-0E2E33C1843E}.Release|Any CPU.Build.0 = Release|Any CPU
		{1B886DA7-E09C-4541-BEBF-53A98FA5924D}.Debug|Any CPU.ActiveCfg = Debug|Any CPU
		{1B886DA7-E09C-4541-BEBF-53A98FA5924D}.Debug|Any CPU.Build.0 = Debug|Any CPU
		{1B886DA7-E09C-4541-BEBF-53A98FA5924D}.Release|Any CPU.ActiveCfg = Release|Any CPU
		{1B886DA7-E09C-4541-BEBF-53A98FA5924D}.Release|Any CPU.Build.0 = Release|Any CPU
		{EE769AE1-86B7-428B-B4AB-BDD021439548}.Debug|Any CPU.ActiveCfg = Debug|Any CPU
		{EE769AE1-86B7-428B-B4AB-BDD021439548}.Debug|Any CPU.Build.0 = Debug|Any CPU
		{EE769AE1-86B7-428B-B4AB-BDD021439548}.Release|Any CPU.ActiveCfg = Release|Any CPU
		{EE769AE1-86B7-428B-B4AB-BDD021439548}.Release|Any CPU.Build.0 = Release|Any CPU
		{F73B7628-579A-488E-BA53-3719046FD9AC}.Debug|Any CPU.ActiveCfg = Debug|Any CPU
		{F73B7628-579A-488E-BA53-3719046FD9AC}.Debug|Any CPU.Build.0 = Debug|Any CPU
		{F73B7628-579A-488E-BA53-3719046FD9AC}.Release|Any CPU.ActiveCfg = Release|Any CPU
		{F73B7628-579A-488E-BA53-3719046FD9AC}.Release|Any CPU.Build.0 = Release|Any CPU
	EndGlobalSection
	GlobalSection(SolutionProperties) = preSolution
		HideSolutionNode = FALSE
	EndGlobalSection
	GlobalSection(ExtensibilityGlobals) = postSolution
		SolutionGuid = {217F3E8D-C36E-4517-B906-9F25DCC7A5E8}
	EndGlobalSection
EndGlobal
