
Microsoft Visual Studio Solution File, Format Version 12.00
# Visual Studio 15
VisualStudioVersion = 15.0.27428.2037
MinimumVisualStudioVersion = 10.0.40219.1
Project("{9A19103F-16F7-4668-BE54-9A1E7A4F7556}") = "Bluzelle.NEO.Bridge", "BluzelleBridge\Bluzelle.NEO.Bridge.csproj", "{6110148D-BC5B-44F4-B463-0E2E33C1843E}"
EndProject
Project("{9A19103F-16F7-4668-BE54-9A1E7A4F7556}") = "Bluzelle.NEO.Sharp", "Bluzelle.NEO.Sharp\Bluzelle.NEO.Sharp.csproj", "{1B886DA7-E09C-4541-BEBF-53A98FA5924D}"
EndProject
Project("{9A19103F-16F7-4668-BE54-9A1E7A4F7556}") = "Bluzelle.NEO.Helper", "Bluzelle.NEO.Helper\Bluzelle.NEO.Helper.csproj", "{EE769AE1-86B7-428B-B4AB-BDD021439548}"
EndProject
Project("{9A19103F-16F7-4668-BE54-9A1E7A4F7556}") = "Bluzelle.NEO.Contract", "Bluzelle.NEO.Contract\Bluzelle.NEO.Contract.csproj", "{8EDD6BA3-6FC8-4CB3-A8D7-18D73E8239ED}"
EndProject
Project("{9A19103F-16F7-4668-BE54-9A1E7A4F7556}") = "BluzelleTests", "BluzelleTests\BluzelleTests.csproj", "{762829B1-7A35-4B0F-9C89-5BD95F502306}"
EndProject
Project("{FAE04EC0-301F-11D3-BF4B-00C04F79EFBC}") = "Bluzelle.Protobuf", "Bluzelle.Protobuf\Bluzelle.Protobuf.csproj", "{64E7FCE1-A5FA-43D5-B50B-D90D7982C9C2}"
EndProject
Global
	GlobalSection(SolutionConfigurationPlatforms) = preSolution
		Debug|Any CPU = Debug|Any CPU
		Release|Any CPU = Release|Any CPU
	EndGlobalSection
	GlobalSection(ProjectConfigurationPlatforms) = postSolution
		{6110148D-BC5B-44F4-B463-0E2E33C1843E}.Debug|Any CPU.ActiveCfg = Debug|Any CPU
		{6110148D-BC5B-44F4-B463-0E2E33C1843E}.Debug|Any CPU.Build.0 = Debug|Any CPU
		{6110148D-BC5B-44F4-B463-0E2E33C1843E}.Release|Any CPU.ActiveCfg = Release|Any CPU
		{6110148D-BC5B-44F4-B463-0E2E33C1843E}.Release|Any CPU.Build.0 = Release|Any CPU
		{1B886DA7-E09C-4541-BEBF-53A98FA5924D}.Debug|Any CPU.ActiveCfg = Debug|Any CPU
		{1B886DA7-E09C-4541-BEBF-53A98FA5924D}.Debug|Any CPU.Build.0 = Debug|Any CPU
		{1B886DA7-E09C-4541-BEBF-53A98FA5924D}.Release|Any CPU.ActiveCfg = Release|Any CPU
		{1B886DA7-E09C-4541-BEBF-53A98FA5924D}.Release|Any CPU.Build.0 = Release|Any CPU
		{EE769AE1-86B7-428B-B4AB-BDD021439548}.Debug|Any CPU.ActiveCfg = Debug|Any CPU
		{EE769AE1-86B7-428B-B4AB-BDD021439548}.Debug|Any CPU.Build.0 = Debug|Any CPU
		{EE769AE1-86B7-428B-B4AB-BDD021439548}.Release|Any CPU.ActiveCfg = Release|Any CPU
		{EE769AE1-86B7-428B-B4AB-BDD021439548}.Release|Any CPU.Build.0 = Release|Any CPU
		{8EDD6BA3-6FC8-4CB3-A8D7-18D73E8239ED}.Debug|Any CPU.ActiveCfg = Debug|Any CPU
		{8EDD6BA3-6FC8-4CB3-A8D7-18D73E8239ED}.Debug|Any CPU.Build.0 = Debug|Any CPU
		{8EDD6BA3-6FC8-4CB3-A8D7-18D73E8239ED}.Release|Any CPU.ActiveCfg = Release|Any CPU
		{8EDD6BA3-6FC8-4CB3-A8D7-18D73E8239ED}.Release|Any CPU.Build.0 = Release|Any CPU
		{762829B1-7A35-4B0F-9C89-5BD95F502306}.Debug|Any CPU.ActiveCfg = Debug|Any CPU
		{762829B1-7A35-4B0F-9C89-5BD95F502306}.Debug|Any CPU.Build.0 = Debug|Any CPU
		{762829B1-7A35-4B0F-9C89-5BD95F502306}.Release|Any CPU.ActiveCfg = Release|Any CPU
		{762829B1-7A35-4B0F-9C89-5BD95F502306}.Release|Any CPU.Build.0 = Release|Any CPU
		{64E7FCE1-A5FA-43D5-B50B-D90D7982C9C2}.Debug|Any CPU.ActiveCfg = Debug|Any CPU
		{64E7FCE1-A5FA-43D5-B50B-D90D7982C9C2}.Debug|Any CPU.Build.0 = Debug|Any CPU
		{64E7FCE1-A5FA-43D5-B50B-D90D7982C9C2}.Release|Any CPU.ActiveCfg = Release|Any CPU
		{64E7FCE1-A5FA-43D5-B50B-D90D7982C9C2}.Release|Any CPU.Build.0 = Release|Any CPU
	EndGlobalSection
	GlobalSection(SolutionProperties) = preSolution
		HideSolutionNode = FALSE
	EndGlobalSection
	GlobalSection(ExtensibilityGlobals) = postSolution
		SolutionGuid = {217F3E8D-C36E-4517-B906-9F25DCC7A5E8}
	EndGlobalSection
EndGlobal
